
Microsoft Visual Studio Solution File, Format Version 12.00
# Visual Studio Version 17
VisualStudioVersion = 17.4.33205.214
MinimumVisualStudioVersion = 10.0.40219.1
Project("{9A19103F-16F7-4668-BE54-9A1E7A4F7556}") = "CT554_API", "CT554_API.csproj", "{0F760EA5-8836-4D75-A80E-81F3C0FE8E0D}"
EndProject
Project("{9A19103F-16F7-4668-BE54-9A1E7A4F7556}") = "IdentityServer", "..\IdentityServer\IdentityServer.csproj", "{E1F0015F-E060-4441-A90D-9A6313A8A2E9}"
EndProject
Project("{FAE04EC0-301F-11D3-BF4B-00C04F79EFBC}") = "CT554_Service", "..\CT554_Entity\CT554_Service.csproj", "{E035B1DA-DAC4-427C-A33D-EF9F4BECBEEA}"
EndProject
Global
	GlobalSection(SolutionConfigurationPlatforms) = preSolution
		Debug|Any CPU = Debug|Any CPU
		Release|Any CPU = Release|Any CPU
	EndGlobalSection
	GlobalSection(ProjectConfigurationPlatforms) = postSolution
		{0F760EA5-8836-4D75-A80E-81F3C0FE8E0D}.Debug|Any CPU.ActiveCfg = Debug|Any CPU
		{0F760EA5-8836-4D75-A80E-81F3C0FE8E0D}.Debug|Any CPU.Build.0 = Debug|Any CPU
		{0F760EA5-8836-4D75-A80E-81F3C0FE8E0D}.Release|Any CPU.ActiveCfg = Release|Any CPU
		{0F760EA5-8836-4D75-A80E-81F3C0FE8E0D}.Release|Any CPU.Build.0 = Release|Any CPU
		{E1F0015F-E060-4441-A90D-9A6313A8A2E9}.Debug|Any CPU.ActiveCfg = Debug|Any CPU
		{E1F0015F-E060-4441-A90D-9A6313A8A2E9}.Debug|Any CPU.Build.0 = Debug|Any CPU
		{E1F0015F-E060-4441-A90D-9A6313A8A2E9}.Release|Any CPU.ActiveCfg = Release|Any CPU
		{E1F0015F-E060-4441-A90D-9A6313A8A2E9}.Release|Any CPU.Build.0 = Release|Any CPU
		{E035B1DA-DAC4-427C-A33D-EF9F4BECBEEA}.Debug|Any CPU.ActiveCfg = Debug|Any CPU
		{E035B1DA-DAC4-427C-A33D-EF9F4BECBEEA}.Debug|Any CPU.Build.0 = Debug|Any CPU
		{E035B1DA-DAC4-427C-A33D-EF9F4BECBEEA}.Release|Any CPU.ActiveCfg = Release|Any CPU
		{E035B1DA-DAC4-427C-A33D-EF9F4BECBEEA}.Release|Any CPU.Build.0 = Release|Any CPU
	EndGlobalSection
	GlobalSection(SolutionProperties) = preSolution
		HideSolutionNode = FALSE
	EndGlobalSection
	GlobalSection(ExtensibilityGlobals) = postSolution
		SolutionGuid = {519F7C1F-4916-4432-B786-D2246C2C347B}
	EndGlobalSection
EndGlobal
